# This file is autogenerated, do not edit; changes may be undone by the next 'dep ensure'.


[[projects]]
  name = "github.com/agext/levenshtein"
  packages = ["."]
  revision = "5f10fee965225ac1eecdc234c09daf5cd9e7f7b6"
  version = "v1.2.1"

[[projects]]
  branch = "master"
  name = "github.com/apparentlymart/go-textseg"
  packages = ["textseg"]
  revision = "b836f5c4d331d1945a2fead7188db25432d73b69"

[[projects]]
  branch = "master"
  name = "github.com/chuckpreslar/emission"
  packages = ["."]
  revision = "a7ddd980baf9ec8ad3f2e6826ef9eacfe55b3f02"

[[projects]]
  branch = "master"
  name = "github.com/hashicorp/hcl2"
  packages = [
    "gohcl",
    "hcl",
    "hcl/hclsyntax",
    "hcl/json",
    "hclparse"
  ]
  revision = "36446359d27574bf110611001414da561731b62d"

[[projects]]
  name = "github.com/inconshreveable/mousetrap"
  packages = ["."]
  revision = "76626ae9c91c4f2a10f34cad8ce83ea42c93bb75"
  version = "v1.0"

[[projects]]
  branch = "master"
  name = "github.com/mitchellh/colorstring"
  packages = ["."]
  revision = "8631ce90f28644f54aeedcb3e389a85174e067d1"

[[projects]]
  branch = "master"
  name = "github.com/mitchellh/go-wordwrap"
  packages = ["."]
  revision = "ad45545899c7b13c020ea92b2072220eefad42b8"

[[projects]]
  branch = "master"
  name = "github.com/solvent-io/zkit"
  packages = [
    "action",
    "phase",
    "provider"
  ]
  revision = "3505224185616eee76a307a1ad8c1f006be8726b"

[[projects]]
  name = "github.com/spf13/cobra"
  packages = ["."]
  revision = "ef82de70bb3f60c65fb8eebacbb2d122ef517385"
  version = "v0.0.3"

[[projects]]
  name = "github.com/spf13/pflag"
  packages = ["."]
  revision = "583c0c0531f06d5278b7d917446061adc344b5cd"
  version = "v1.0.1"

[[projects]]
  branch = "master"
  name = "github.com/zclconf/go-cty"
  packages = [
    "cty",
    "cty/convert",
    "cty/function",
    "cty/function/stdlib",
    "cty/gocty",
    "cty/json",
    "cty/set"
  ]
  revision = "d006e4534bc4fbc512383aa98d04d641ea951ba5"

[[projects]]
  name = "golang.org/x/text"
  packages = [
    "internal/gen",
    "internal/triegen",
    "internal/ucd",
    "transform",
    "unicode/cldr",
    "unicode/norm"
  ]
  revision = "f21a4dfb5e38f5895301dc265a8def02365cc3d0"
  version = "v0.3.0"

[[projects]]
  branch = "master"
  name = "gonum.org/v1/gonum"
  packages = [
    "blas",
    "blas/blas64",
    "blas/gonum",
    "floats",
    "graph",
    "graph/internal/linear",
    "graph/internal/ordered",
    "graph/internal/set",
    "graph/internal/uid",
    "graph/simple",
    "graph/topo",
    "graph/traverse",
    "internal/asm/c128",
    "internal/asm/f32",
    "internal/asm/f64",
    "internal/math32",
    "lapack",
    "lapack/gonum",
    "lapack/lapack64",
    "mat"
  ]
  revision = "e4cc524e41c05103f0b96c02f041efd8d171a1de"

[solve-meta]
  analyzer-name = "dep"
  analyzer-version = 1
  inputs-digest = "100ffb2813fa34631279125d009d365ccbbbbb99b6a1d617ac710db55a7ff46e"
  solver-name = "gps-cdcl"
  solver-version = 1
